
Microsoft Visual Studio Solution File, Format Version 12.00
Project("{FAE04EC0-301F-11D3-BF4B-00C04F79EFBC}") = "Tonestro.Droid.Kotlinx.Serialization.Json", "Tonestro.Droid.Kotlinx.Serialization.Json\Tonestro.Droid.Kotlinx.Serialization.Json.csproj", "{D8EBDDA9-5E60-4DD0-8893-74C6F8298DEF}"
EndProject
Global
	GlobalSection(SolutionConfigurationPlatforms) = preSolution
		Debug|Any CPU = Debug|Any CPU
		Release|Any CPU = Release|Any CPU
	EndGlobalSection
	GlobalSection(ProjectConfigurationPlatforms) = postSolution
		{D8EBDDA9-5E60-4DD0-8893-74C6F8298DEF}.Debug|Any CPU.ActiveCfg = Debug|Any CPU
		{D8EBDDA9-5E60-4DD0-8893-74C6F8298DEF}.Debug|Any CPU.Build.0 = Debug|Any CPU
		{D8EBDDA9-5E60-4DD0-8893-74C6F8298DEF}.Release|Any CPU.ActiveCfg = Release|Any CPU
		{D8EBDDA9-5E60-4DD0-8893-74C6F8298DEF}.Release|Any CPU.Build.0 = Release|Any CPU
	EndGlobalSection
EndGlobal
